
Microsoft Visual Studio Solution File, Format Version 12.00
# Visual Studio Version 16
VisualStudioVersion = 16.0.32510.428
MinimumVisualStudioVersion = 10.0.40219.1
Project("{888888A0-9F3D-457C-B088-3A5042F75D52}") = "Animation", "Animation.pyproj", "{84A87DD9-589F-407B-B927-EFF4D97300DA}"
EndProject
Global
	GlobalSection(SolutionConfigurationPlatforms) = preSolution
		Debug|Any CPU = Debug|Any CPU
		Release|Any CPU = Release|Any CPU
	EndGlobalSection
	GlobalSection(ProjectConfigurationPlatforms) = postSolution
		{84A87DD9-589F-407B-B927-EFF4D97300DA}.Debug|Any CPU.ActiveCfg = Debug|Any CPU
		{84A87DD9-589F-407B-B927-EFF4D97300DA}.Release|Any CPU.ActiveCfg = Release|Any CPU
	EndGlobalSection
	GlobalSection(SolutionProperties) = preSolution
		HideSolutionNode = FALSE
	EndGlobalSection
	GlobalSection(ExtensibilityGlobals) = postSolution
		SolutionGuid = {FAFB4AAE-E3B0-4169-BF4C-F0677D68B401}
	EndGlobalSection
EndGlobal
